// !$*UTF8*$!
{
	archiveVersion = 1;
	classes = {
	};
	objectVersion = 50;
	objects = {

/* Begin PBXBuildFile section */
		AC32C59F25AB00A3006870DE /* Animated_Sticky_HeaderApp.swift in Sources */ = {isa = PBXBuildFile; fileRef = AC32C59E25AB00A3006870DE /* Animated_Sticky_HeaderApp.swift */; };
		AC32C5A125AB00A3006870DE /* ContentView.swift in Sources */ = {isa = PBXBuildFile; fileRef = AC32C5A025AB00A3006870DE /* ContentView.swift */; };
		AC32C5A325AB00A5006870DE /* Assets.xcassets in Resources */ = {isa = PBXBuildFile; fileRef = AC32C5A225AB00A5006870DE /* Assets.xcassets */; };
		AC32C5A625AB00A5006870DE /* Preview Assets.xcassets in Resources */ = {isa = PBXBuildFile; fileRef = AC32C5A525AB00A5006870DE /* Preview Assets.xcassets */; };
		AC32C5B425AB0133006870DE /* Home.swift in Sources */ = {isa = PBXBuildFile; fileRef = AC32C5B325AB0133006870DE /* Home.swift */; };
		AC58106225AB05E9005DB50D /* HeaderView.swift in Sources */ = {isa = PBXBuildFile; fileRef = AC58106125AB05E9005DB50D /* HeaderView.swift */; };
		AC58106525AB092E005DB50D /* Tab.swift in Sources */ = {isa = PBXBuildFile; fileRef = AC58106425AB092E005DB50D /* Tab.swift */; };
		AC58106825AB0E34005DB50D /* HomeViewModel.swift in Sources */ = {isa = PBXBuildFile; fileRef = AC58106725AB0E34005DB50D /* HomeViewModel.swift */; };
		ACFC3B4925AB01F200E4D4B3 /* Food.swift in Sources */ = {isa = PBXBuildFile; fileRef = ACFC3B4825AB01F200E4D4B3 /* Food.swift */; };
		ACFC3B4D25AB03BB00E4D4B3 /* CardView.swift in Sources */ = {isa = PBXBuildFile; fileRef = ACFC3B4C25AB03BB00E4D4B3 /* CardView.swift */; };
/* End PBXBuildFile section */

/* Begin PBXFileReference section */
		AC32C59B25AB00A3006870DE /* Animated_Sticky_Header.app */ = {isa = PBXFileReference; explicitFileType = wrapper.application; includeInIndex = 0; path = Animated_Sticky_Header.app; sourceTree = BUILT_PRODUCTS_DIR; };
		AC32C59E25AB00A3006870DE /* Animated_Sticky_HeaderApp.swift */ = {isa = PBXFileReference; lastKnownFileType = sourcecode.swift; path = Animated_Sticky_HeaderApp.swift; sourceTree = "<group>"; };
		AC32C5A025AB00A3006870DE /* ContentView.swift */ = {isa = PBXFileReference; lastKnownFileType = sourcecode.swift; path = ContentView.swift; sourceTree = "<group>"; };
		AC32C5A225AB00A5006870DE /* Assets.xcassets */ = {isa = PBXFileReference; lastKnownFileType = folder.assetcatalog; path = Assets.xcassets; sourceTree = "<group>"; };
		AC32C5A525AB00A5006870DE /* Preview Assets.xcassets */ = {isa = PBXFileReference; lastKnownFileType = folder.assetcatalog; path = "Preview Assets.xcassets"; sourceTree = "<group>"; };
		AC32C5A725AB00A5006870DE /* Info.plist */ = {isa = PBXFileReference; lastKnownFileType = text.plist.xml; path = Info.plist; sourceTree = "<group>"; };
		AC32C5B325AB0133006870DE /* Home.swift */ = {isa = PBXFileReference; lastKnownFileType = sourcecode.swift; path = Home.swift; sourceTree = "<group>"; };
		AC58106125AB05E9005DB50D /* HeaderView.swift */ = {isa = PBXFileReference; lastKnownFileType = sourcecode.swift; path = HeaderView.swift; sourceTree = "<group>"; };
		AC58106425AB092E005DB50D /* Tab.swift */ = {isa = PBXFileReference; lastKnownFileType = sourcecode.swift; path = Tab.swift; sourceTree = "<group>"; };
		AC58106725AB0E34005DB50D /* HomeViewModel.swift */ = {isa = PBXFileReference; lastKnownFileType = sourcecode.swift; path = HomeViewModel.swift; sourceTree = "<group>"; };
		ACFC3B4825AB01F200E4D4B3 /* Food.swift */ = {isa = PBXFileReference; lastKnownFileType = sourcecode.swift; path = Food.swift; sourceTree = "<group>"; };
		ACFC3B4C25AB03BB00E4D4B3 /* CardView.swift */ = {isa = PBXFileReference; lastKnownFileType = sourcecode.swift; path = CardView.swift; sourceTree = "<group>"; };
/* End PBXFileReference section */

/* Begin PBXFrameworksBuildPhase section */
		AC32C59825AB00A3006870DE /* Frameworks */ = {
			isa = PBXFrameworksBuildPhase;
			buildActionMask = 2147483647;
			files = (
			);
			runOnlyForDeploymentPostprocessing = 0;
		};
/* End PBXFrameworksBuildPhase section */

/* Begin PBXGroup section */
		AC32C59225AB00A3006870DE = {
			isa = PBXGroup;
			children = (
				AC32C59D25AB00A3006870DE /* Animated_Sticky_Header */,
				AC32C59C25AB00A3006870DE /* Products */,
			);
			sourceTree = "<group>";
		};
		AC32C59C25AB00A3006870DE /* Products */ = {
			isa = PBXGroup;
			children = (
				AC32C59B25AB00A3006870DE /* Animated_Sticky_Header.app */,
			);
			name = Products;
			sourceTree = "<group>";
		};
		AC32C59D25AB00A3006870DE /* Animated_Sticky_Header */ = {
			isa = PBXGroup;
			children = (
				AC32C59E25AB00A3006870DE /* Animated_Sticky_HeaderApp.swift */,
				AC32C5B225AB011E006870DE /* ViewModel */,
				AC32C5B125AB0119006870DE /* Model */,
				AC32C5B025AB0113006870DE /* View */,
				AC32C5A225AB00A5006870DE /* Assets.xcassets */,
				AC32C5A725AB00A5006870DE /* Info.plist */,
				AC32C5A425AB00A5006870DE /* Preview Content */,
			);
			path = Animated_Sticky_Header;
			sourceTree = "<group>";
		};
		AC32C5A425AB00A5006870DE /* Preview Content */ = {
			isa = PBXGroup;
			children = (
				AC32C5A525AB00A5006870DE /* Preview Assets.xcassets */,
			);
			path = "Preview Content";
			sourceTree = "<group>";
		};
		AC32C5B025AB0113006870DE /* View */ = {
			isa = PBXGroup;
			children = (
				AC32C5A025AB00A3006870DE /* ContentView.swift */,
				AC32C5B325AB0133006870DE /* Home.swift */,
				ACFC3B4C25AB03BB00E4D4B3 /* CardView.swift */,
				AC58106125AB05E9005DB50D /* HeaderView.swift */,
			);
			path = View;
			sourceTree = "<group>";
		};
		AC32C5B125AB0119006870DE /* Model */ = {
			isa = PBXGroup;
			children = (
				ACFC3B4825AB01F200E4D4B3 /* Food.swift */,
				AC58106425AB092E005DB50D /* Tab.swift */,
			);
			path = Model;
			sourceTree = "<group>";
		};
		AC32C5B225AB011E006870DE /* ViewModel */ = {
			isa = PBXGroup;
			children = (
				AC58106725AB0E34005DB50D /* HomeViewModel.swift */,
			);
			path = ViewModel;
			sourceTree = "<group>";
		};
/* End PBXGroup section */

/* Begin PBXNativeTarget section */
		AC32C59A25AB00A3006870DE /* Animated_Sticky_Header */ = {
			isa = PBXNativeTarget;
			buildConfigurationList = AC32C5AA25AB00A5006870DE /* Build configuration list for PBXNativeTarget "Animated_Sticky_Header" */;
			buildPhases = (
				AC32C59725AB00A3006870DE /* Sources */,
				AC32C59825AB00A3006870DE /* Frameworks */,
				AC32C59925AB00A3006870DE /* Resources */,
			);
			buildRules = (
			);
			dependencies = (
			);
			name = Animated_Sticky_Header;
			productName = Animated_Sticky_Header;
			productReference = AC32C59B25AB00A3006870DE /* Animated_Sticky_Header.app */;
			productType = "com.apple.product-type.application";
		};
/* End PBXNativeTarget section */

/* Begin PBXProject section */
		AC32C59325AB00A3006870DE /* Project object */ = {
			isa = PBXProject;
			attributes = {
				LastSwiftUpdateCheck = 1230;
				LastUpgradeCheck = 1230;
				TargetAttributes = {
					AC32C59A25AB00A3006870DE = {
						CreatedOnToolsVersion = 12.3;
					};
				};
			};
			buildConfigurationList = AC32C59625AB00A3006870DE /* Build configuration list for PBXProject "Animated_Sticky_Header" */;
			compatibilityVersion = "Xcode 9.3";
			developmentRegion = en;
			hasScannedForEncodings = 0;
			knownRegions = (
				en,
				Base,
			);
			mainGroup = AC32C59225AB00A3006870DE;
			productRefGroup = AC32C59C25AB00A3006870DE /* Products */;
			projectDirPath = "";
			projectRoot = "";
			targets = (
				AC32C59A25AB00A3006870DE /* Animated_Sticky_Header */,
			);
		};
/* End PBXProject section */

/* Begin PBXResourcesBuildPhase section */
		AC32C59925AB00A3006870DE /* Resources */ = {
			isa = PBXResourcesBuildPhase;
			buildActionMask = 2147483647;
			files = (
				AC32C5A625AB00A5006870DE /* Preview Assets.xcassets in Resources */,
				AC32C5A325AB00A5006870DE /* Assets.xcassets in Resources */,
			);
			runOnlyForDeploymentPostprocessing = 0;
		};
/* End PBXResourcesBuildPhase section */

/* Begin PBXSourcesBuildPhase section */
		AC32C59725AB00A3006870DE /* Sources */ = {
			isa = PBXSourcesBuildPhase;
			buildActionMask = 2147483647;
			files = (
				AC32C5A125AB00A3006870DE /* ContentView.swift in Sources */,
				AC58106225AB05E9005DB50D /* HeaderView.swift in Sources */,
				AC32C5B425AB0133006870DE /* Home.swift in Sources */,
				AC58106825AB0E34005DB50D /* HomeViewModel.swift in Sources */,
				AC32C59F25AB00A3006870DE /* Animated_Sticky_HeaderApp.swift in Sources */,
				ACFC3B4925AB01F200E4D4B3 /* Food.swift in Sources */,
				ACFC3B4D25AB03BB00E4D4B3 /* CardView.swift in Sources */,
				AC58106525AB092E005DB50D /* Tab.swift in Sources */,
			);
			runOnlyForDeploymentPostprocessing = 0;
		};
/* End PBXSourcesBuildPhase section */

/* Begin XCBuildConfiguration section */
		AC32C5A825AB00A5006870DE /* Debug */ = {
			isa = XCBuildConfiguration;
			buildSettings = {
				ALWAYS_SEARCH_USER_PATHS = NO;
				CLANG_ANALYZER_NONNULL = YES;
				CLANG_ANALYZER_NUMBER_OBJECT_CONVERSION = YES_AGGRESSIVE;
				CLANG_CXX_LANGUAGE_STANDARD = "gnu++14";
				CLANG_CXX_LIBRARY = "libc++";
				CLANG_ENABLE_MODULES = YES;
				CLANG_ENABLE_OBJC_ARC = YES;
				CLANG_ENABLE_OBJC_WEAK = YES;
				CLANG_WARN_BLOCK_CAPTURE_AUTORELEASING = YES;
				CLANG_WARN_BOOL_CONVERSION = YES;
				CLANG_WARN_COMMA = YES;
				CLANG_WARN_CONSTANT_CONVERSION = YES;
				CLANG_WARN_DEPRECATED_OBJC_IMPLEMENTATIONS = YES;
				CLANG_WARN_DIRECT_OBJC_ISA_USAGE = YES_ERROR;
				CLANG_WARN_DOCUMENTATION_COMMENTS = YES;
				CLANG_WARN_EMPTY_BODY = YES;
				CLANG_WARN_ENUM_CONVERSION = YES;
				CLANG_WARN_INFINITE_RECURSION = YES;
				CLANG_WARN_INT_CONVERSION = YES;
				CLANG_WARN_NON_LITERAL_NULL_CONVERSION = YES;
				CLANG_WARN_OBJC_IMPLICIT_RETAIN_SELF = YES;
				CLANG_WARN_OBJC_LITERAL_CONVERSION = YES;
				CLANG_WARN_OBJC_ROOT_CLASS = YES_ERROR;
				CLANG_WARN_QUOTED_INCLUDE_IN_FRAMEWORK_HEADER = YES;
				CLANG_WARN_RANGE_LOOP_ANALYSIS = YES;
				CLANG_WARN_STRICT_PROTOTYPES = YES;
				CLANG_WARN_SUSPICIOUS_MOVE = YES;
				CLANG_WARN_UNGUARDED_AVAILABILITY = YES_AGGRESSIVE;
				CLANG_WARN_UNREACHABLE_CODE = YES;
				CLANG_WARN__DUPLICATE_METHOD_MATCH = YES;
				COPY_PHASE_STRIP = NO;
				DEBUG_INFORMATION_FORMAT = dwarf;
				ENABLE_STRICT_OBJC_MSGSEND = YES;
				ENABLE_TESTABILITY = YES;
				GCC_C_LANGUAGE_STANDARD = gnu11;
				GCC_DYNAMIC_NO_PIC = NO;
				GCC_NO_COMMON_BLOCKS = YES;
				GCC_OPTIMIZATION_LEVEL = 0;
				GCC_PREPROCESSOR_DEFINITIONS = (
					"DEBUG=1",
					"$(inherited)",
				);
				GCC_WARN_64_TO_32_BIT_CONVERSION = YES;
				GCC_WARN_ABOUT_RETURN_TYPE = YES_ERROR;
				GCC_WARN_UNDECLARED_SELECTOR = YES;
				GCC_WARN_UNINITIALIZED_AUTOS = YES_AGGRESSIVE;
				GCC_WARN_UNUSED_FUNCTION = YES;
				GCC_WARN_UNUSED_VARIABLE = YES;
				IPHONEOS_DEPLOYMENT_TARGET = 14.3;
				MTL_ENABLE_DEBUG_INFO = INCLUDE_SOURCE;
				MTL_FAST_MATH = YES;
				ONLY_ACTIVE_ARCH = YES;
				SDKROOT = iphoneos;
				SWIFT_ACTIVE_COMPILATION_CONDITIONS = DEBUG;
				SWIFT_OPTIMIZATION_LEVEL = "-Onone";
			};
			name = Debug;
		};
		AC32C5A925AB00A5006870DE /* Release */ = {
			isa = XCBuildConfiguration;
			buildSettings = {
				ALWAYS_SEARCH_USER_PATHS = NO;
				CLANG_ANALYZER_NONNULL = YES;
				CLANG_ANALYZER_NUMBER_OBJECT_CONVERSION = YES_AGGRESSIVE;
				CLANG_CXX_LANGUAGE_STANDARD = "gnu++14";
				CLANG_CXX_LIBRARY = "libc++";
				CLANG_ENABLE_MODULES = YES;
				CLANG_ENABLE_OBJC_ARC = YES;
				CLANG_ENABLE_OBJC_WEAK = YES;
				CLANG_WARN_BLOCK_CAPTURE_AUTORELEASING = YES;
				CLANG_WARN_BOOL_CONVERSION = YES;
				CLANG_WARN_COMMA = YES;
				CLANG_WARN_CONSTANT_CONVERSION = YES;
				CLANG_WARN_DEPRECATED_OBJC_IMPLEMENTATIONS = YES;
				CLANG_WARN_DIRECT_OBJC_ISA_USAGE = YES_ERROR;
				CLANG_WARN_DOCUMENTATION_COMMENTS = YES;
				CLANG_WARN_EMPTY_BODY = YES;
				CLANG_WARN_ENUM_CONVERSION = YES;
				CLANG_WARN_INFINITE_RECURSION = YES;
				CLANG_WARN_INT_CONVERSION = YES;
				CLANG_WARN_NON_LITERAL_NULL_CONVERSION = YES;
				CLANG_WARN_OBJC_IMPLICIT_RETAIN_SELF = YES;
				CLANG_WARN_OBJC_LITERAL_CONVERSION = YES;
				CLANG_WARN_OBJC_ROOT_CLASS = YES_ERROR;
				CLANG_WARN_QUOTED_INCLUDE_IN_FRAMEWORK_HEADER = YES;
				CLANG_WARN_RANGE_LOOP_ANALYSIS = YES;
				CLANG_WARN_STRICT_PROTOTYPES = YES;
				CLANG_WARN_SUSPICIOUS_MOVE = YES;
				CLANG_WARN_UNGUARDED_AVAILABILITY = YES_AGGRESSIVE;
				CLANG_WARN_UNREACHABLE_CODE = YES;
				CLANG_WARN__DUPLICATE_METHOD_MATCH = YES;
				COPY_PHASE_STRIP = NO;
				DEBUG_INFORMATION_FORMAT = "dwarf-with-dsym";
				ENABLE_NS_ASSERTIONS = NO;
				ENABLE_STRICT_OBJC_MSGSEND = YES;
				GCC_C_LANGUAGE_STANDARD = gnu11;
				GCC_NO_COMMON_BLOCKS = YES;
				GCC_WARN_64_TO_32_BIT_CONVERSION = YES;
				GCC_WARN_ABOUT_RETURN_TYPE = YES_ERROR;
				GCC_WARN_UNDECLARED_SELECTOR = YES;
				GCC_WARN_UNINITIALIZED_AUTOS = YES_AGGRESSIVE;
				GCC_WARN_UNUSED_FUNCTION = YES;
				GCC_WARN_UNUSED_VARIABLE = YES;
				IPHONEOS_DEPLOYMENT_TARGET = 14.3;
				MTL_ENABLE_DEBUG_INFO = NO;
				MTL_FAST_MATH = YES;
				SDKROOT = iphoneos;
				SWIFT_COMPILATION_MODE = wholemodule;
				SWIFT_OPTIMIZATION_LEVEL = "-O";
				VALIDATE_PRODUCT = YES;
			};
			name = Release;
		};
		AC32C5AB25AB00A5006870DE /* Debug */ = {
			isa = XCBuildConfiguration;
			buildSettings = {
				ASSETCATALOG_COMPILER_APPICON_NAME = AppIcon;
				ASSETCATALOG_COMPILER_GLOBAL_ACCENT_COLOR_NAME = AccentColor;
				CODE_SIGN_STYLE = Automatic;
				DEVELOPMENT_ASSET_PATHS = "\"Animated_Sticky_Header/Preview Content\"";
				DEVELOPMENT_TEAM = 224SJKKLQ3;
				ENABLE_PREVIEWS = YES;
				INFOPLIST_FILE = Animated_Sticky_Header/Info.plist;
				IPHONEOS_DEPLOYMENT_TARGET = 14.0;
				LD_RUNPATH_SEARCH_PATHS = (
					"$(inherited)",
					"@executable_path/Frameworks",
				);
				PRODUCT_BUNDLE_IDENTIFIER = "iMaxiOS.Animated-Sticky-Header";
				PRODUCT_NAME = "$(TARGET_NAME)";
				SWIFT_VERSION = 5.0;
				TARGETED_DEVICE_FAMILY = "1,2";
			};
			name = Debug;
		};
		AC32C5AC25AB00A5006870DE /* Release */ = {
			isa = XCBuildConfiguration;
			buildSettings = {
				ASSETCATALOG_COMPILER_APPICON_NAME = AppIcon;
				ASSETCATALOG_COMPILER_GLOBAL_ACCENT_COLOR_NAME = AccentColor;
				CODE_SIGN_STYLE = Automatic;
				DEVELOPMENT_ASSET_PATHS = "\"Animated_Sticky_Header/Preview Content\"";
				DEVELOPMENT_TEAM = 224SJKKLQ3;
				ENABLE_PREVIEWS = YES;
				INFOPLIST_FILE = Animated_Sticky_Header/Info.plist;
				IPHONEOS_DEPLOYMENT_TARGET = 14.0;
				LD_RUNPATH_SEARCH_PATHS = (
					"$(inherited)",
					"@executable_path/Frameworks",
				);
				PRODUCT_BUNDLE_IDENTIFIER = "iMaxiOS.Animated-Sticky-Header";
				PRODUCT_NAME = "$(TARGET_NAME)";
				SWIFT_VERSION = 5.0;
				TARGETED_DEVICE_FAMILY = "1,2";
			};
			name = Release;
		};
/* End XCBuildConfiguration section */

/* Begin XCConfigurationList section */
		AC32C59625AB00A3006870DE /* Build configuration list for PBXProject "Animated_Sticky_Header" */ = {
			isa = XCConfigurationList;
			buildConfigurations = (
				AC32C5A825AB00A5006870DE /* Debug */,
				AC32C5A925AB00A5006870DE /* Release */,
			);
			defaultConfigurationIsVisible = 0;
			defaultConfigurationName = Release;
		};
		AC32C5AA25AB00A5006870DE /* Build configuration list for PBXNativeTarget "Animated_Sticky_Header" */ = {
			isa = XCConfigurationList;
			buildConfigurations = (
				AC32C5AB25AB00A5006870DE /* Debug */,
				AC32C5AC25AB00A5006870DE /* Release */,
			);
			defaultConfigurationIsVisible = 0;
			defaultConfigurationName = Release;
		};
/* End XCConfigurationList section */
	};
	rootObject = AC32C59325AB00A3006870DE /* Project object */;
}
